{"filter":false,"title":"Gemfile.lock","tooltip":"/Gemfile.lock","undoManager":{"mark":-1,"position":-1,"stack":[]},"ace":{"folds":[],"scrolltop":0,"scrollleft":0,"selection":{"start":{"row":0,"column":0},"end":{"row":0,"column":0},"isBackwards":false},"options":{"tabSize":2,"useSoftTabs":true,"guessTabSize":false,"useWrapMode":false,"wrapToView":true},"firstLineState":0},"timestamp":1534976786565,"hash":"67746da4891aa93582797ccc2a149357a71f5209"}